
Microsoft Visual Studio Solution File, Format Version 12.00
# Visual Studio Version 17
VisualStudioVersion = 17.9.34728.123
MinimumVisualStudioVersion = 10.0.40219.1
Project("{FAE04EC0-301F-11D3-BF4B-00C04F79EFBC}") = "User Utility", "User Utility\User Utility.csproj", "{26658303-2F64-4992-8F01-92DBCC55561E}"
EndProject
Project("{FAE04EC0-301F-11D3-BF4B-00C04F79EFBC}") = "UserData", "UserData\UserData.csproj", "{163D3F29-6249-4026-86D6-4B86DEE2D078}"
EndProject
Project("{FAE04EC0-301F-11D3-BF4B-00C04F79EFBC}") = "UserContext", "UserContext\UserContext.csproj", "{871B4A50-CA48-46EB-BEC1-B2E26E624D93}"
EndProject
Global
	GlobalSection(SolutionConfigurationPlatforms) = preSolution
		Debug|Any CPU = Debug|Any CPU
		Release|Any CPU = Release|Any CPU
	EndGlobalSection
	GlobalSection(ProjectConfigurationPlatforms) = postSolution
		{26658303-2F64-4992-8F01-92DBCC55561E}.Debug|Any CPU.ActiveCfg = Debug|Any CPU
		{26658303-2F64-4992-8F01-92DBCC55561E}.Debug|Any CPU.Build.0 = Debug|Any CPU
		{26658303-2F64-4992-8F01-92DBCC55561E}.Release|Any CPU.ActiveCfg = Release|Any CPU
		{26658303-2F64-4992-8F01-92DBCC55561E}.Release|Any CPU.Build.0 = Release|Any CPU
		{163D3F29-6249-4026-86D6-4B86DEE2D078}.Debug|Any CPU.ActiveCfg = Debug|Any CPU
		{163D3F29-6249-4026-86D6-4B86DEE2D078}.Debug|Any CPU.Build.0 = Debug|Any CPU
		{163D3F29-6249-4026-86D6-4B86DEE2D078}.Release|Any CPU.ActiveCfg = Release|Any CPU
		{163D3F29-6249-4026-86D6-4B86DEE2D078}.Release|Any CPU.Build.0 = Release|Any CPU
		{871B4A50-CA48-46EB-BEC1-B2E26E624D93}.Debug|Any CPU.ActiveCfg = Debug|Any CPU
		{871B4A50-CA48-46EB-BEC1-B2E26E624D93}.Debug|Any CPU.Build.0 = Debug|Any CPU
		{871B4A50-CA48-46EB-BEC1-B2E26E624D93}.Release|Any CPU.ActiveCfg = Release|Any CPU
		{871B4A50-CA48-46EB-BEC1-B2E26E624D93}.Release|Any CPU.Build.0 = Release|Any CPU
	EndGlobalSection
	GlobalSection(SolutionProperties) = preSolution
		HideSolutionNode = FALSE
	EndGlobalSection
	GlobalSection(ExtensibilityGlobals) = postSolution
		SolutionGuid = {95CC8F91-149F-4C8B-8B88-C57A195EFBC8}
	EndGlobalSection
EndGlobal
